
Microsoft Visual Studio Solution File, Format Version 11.00
# Visual Studio 2010
Project("{FAE04EC0-301F-11D3-BF4B-00C04F79EFBC}") = "WishList_Repository", "..\WishList_Repository\WishList_Repository.csproj", "{772B7A31-487D-4DDB-9A92-2E23415DEF9D}"
EndProject
Project("{FAE04EC0-301F-11D3-BF4B-00C04F79EFBC}") = "WishList_WebUI", "..\WishList_WebUI\WishList_WebUI.csproj", "{6BEF167F-3E19-4FB9-86A3-FB2F595D8FF9}"
EndProject
Project("{2150E333-8FDC-42A3-9474-1A3956D46DE8}") = ".nuget", ".nuget", "{8023D6E3-52B3-405D-B6C7-1A2B5D6003DA}"
EndProject
Global
	GlobalSection(SolutionConfigurationPlatforms) = preSolution
		Debug|Any CPU = Debug|Any CPU
		Release|Any CPU = Release|Any CPU
	EndGlobalSection
	GlobalSection(ProjectConfigurationPlatforms) = postSolution
		{772B7A31-487D-4DDB-9A92-2E23415DEF9D}.Debug|Any CPU.ActiveCfg = Debug|Any CPU
		{772B7A31-487D-4DDB-9A92-2E23415DEF9D}.Debug|Any CPU.Build.0 = Debug|Any CPU
		{772B7A31-487D-4DDB-9A92-2E23415DEF9D}.Release|Any CPU.ActiveCfg = Release|Any CPU
		{772B7A31-487D-4DDB-9A92-2E23415DEF9D}.Release|Any CPU.Build.0 = Release|Any CPU
		{6BEF167F-3E19-4FB9-86A3-FB2F595D8FF9}.Debug|Any CPU.ActiveCfg = Debug|Any CPU
		{6BEF167F-3E19-4FB9-86A3-FB2F595D8FF9}.Debug|Any CPU.Build.0 = Debug|Any CPU
		{6BEF167F-3E19-4FB9-86A3-FB2F595D8FF9}.Release|Any CPU.ActiveCfg = Release|Any CPU
		{6BEF167F-3E19-4FB9-86A3-FB2F595D8FF9}.Release|Any CPU.Build.0 = Release|Any CPU
	EndGlobalSection
	GlobalSection(SolutionProperties) = preSolution
		HideSolutionNode = FALSE
	EndGlobalSection
EndGlobal
